{
  "name": "abap-advent-2020-hvam",
  "version": "1.0.0",
  "lockfileVersion": 1,
  "requires": true,
  "dependencies": {
    "@abaplint/cli": {
      "version": "2.61.10",
      "resolved": "https://registry.npmjs.org/@abaplint/cli/-/cli-2.61.10.tgz",
      "integrity": "sha512-hhqDfMJgOoU4CtQiOOv0CVQfdYFfyv/VCEQekFRqD3boZLdUIFZLSw3bF9+9IO/yYBe/aNatOqB8oT1lbBr6yA=="
    },
    "@abaplint/runtime": {
      "version": "0.8.20",
      "resolved": "https://registry.npmjs.org/@abaplint/runtime/-/runtime-0.8.20.tgz",
      "integrity": "sha512-xDk7NErd3AhnGPaLOTNa9YbGEtQkZ3weouxIqyYLzlQOI2TDUxbRyY/CzoSeQzzuLPJZ8P14jLxSNjPresIGgw==",
      "requires": {
        "sql.js": "^1.4.0"
      }
    },
    "@abaplint/transpiler-cli": {
      "version": "0.8.20",
      "resolved": "https://registry.npmjs.org/@abaplint/transpiler-cli/-/transpiler-cli-0.8.20.tgz",
      "integrity": "sha512-8ltdoQ+0ZCQaJ3amhaGdxH25wKTu9lzg07aPCHPfGNxfFpYYBjWMEUIP239ZXBqPir4kiJQpYwdAaHYS5wmQmA=="
    },
    "sql.js": {
      "version": "1.4.0",
      "resolved": "https://registry.npmjs.org/sql.js/-/sql.js-1.4.0.tgz",
      "integrity": "sha512-lm9x8M6O1kXjSieP/Z8Zayh+ksHN78TYX7pSh0UR1GjSVx5Kp1r+bo+l4s44rcpb0002i25f+QC4FYtfqr3lYQ=="
    }
  }
}
