{
  "name": "abap-advent-2020-hvam",
  "version": "1.0.0",
  "lockfileVersion": 1,
  "requires": true,
  "dependencies": {
    "@abaplint/cli": {
      "version": "2.63.1",
      "resolved": "https://registry.npmjs.org/@abaplint/cli/-/cli-2.63.1.tgz",
      "integrity": "sha512-hVar0xZOVKHi7u6jXhfSe+EKMy4zH2OBCbzFmpLu0OFvjRwLGqDZpbDVHT2Zqfb3qHMrNMZCIXyTsX8kY0XliA=="
    },
    "@abaplint/runtime": {
      "version": "1.0.16",
      "resolved": "https://registry.npmjs.org/@abaplint/runtime/-/runtime-1.0.16.tgz",
      "integrity": "sha512-HirgT4vkVT1LLeeyKytO3F1cdDQJcF5KTlpFAFb2BTqoD2SXr1s41R0IG7a8MbV7vHCehVw9IHW01RgAbfxzmQ==",
      "requires": {
        "sql.js": "^1.4.0"
      }
    },
    "@abaplint/transpiler-cli": {
      "version": "1.0.16",
      "resolved": "https://registry.npmjs.org/@abaplint/transpiler-cli/-/transpiler-cli-1.0.16.tgz",
      "integrity": "sha512-RXT9H9pZhtYepins8PIeeeCOIbPTHEKLaZfRQg1vhfTy2WqC0zu69bnsKGZs8Wke0jQ4RsmZyPaq4RVc4wGriQ=="
    },
    "sql.js": {
      "version": "1.4.0",
      "resolved": "https://registry.npmjs.org/sql.js/-/sql.js-1.4.0.tgz",
      "integrity": "sha512-lm9x8M6O1kXjSieP/Z8Zayh+ksHN78TYX7pSh0UR1GjSVx5Kp1r+bo+l4s44rcpb0002i25f+QC4FYtfqr3lYQ=="
    }
  }
}
